
Microsoft Visual Studio Solution File, Format Version 12.00
# Visual Studio Version 17
VisualStudioVersion = 17.0.31717.71
MinimumVisualStudioVersion = 10.0.40219.1
Project("{9A19103F-16F7-4668-BE54-9A1E7A4F7556}") = "CVBuilder", "CVBuilder.csproj", "{A64B60F4-5050-4477-988A-55DC106DFC5B}"
EndProject
Project("{FAE04EC0-301F-11D3-BF4B-00C04F79EFBC}") = "Arora_CRUD", "..\Arora_CRUD\Arora_CRUD.csproj", "{B15A55E5-D37F-4CA5-AAF3-024D4E9105FE}"
EndProject
Global
	GlobalSection(SolutionConfigurationPlatforms) = preSolution
		Debug|Any CPU = Debug|Any CPU
		Release|Any CPU = Release|Any CPU
	EndGlobalSection
	GlobalSection(ProjectConfigurationPlatforms) = postSolution
		{A64B60F4-5050-4477-988A-55DC106DFC5B}.Debug|Any CPU.ActiveCfg = Debug|Any CPU
		{A64B60F4-5050-4477-988A-55DC106DFC5B}.Debug|Any CPU.Build.0 = Debug|Any CPU
		{A64B60F4-5050-4477-988A-55DC106DFC5B}.Release|Any CPU.ActiveCfg = Release|Any CPU
		{A64B60F4-5050-4477-988A-55DC106DFC5B}.Release|Any CPU.Build.0 = Release|Any CPU
		{B15A55E5-D37F-4CA5-AAF3-024D4E9105FE}.Debug|Any CPU.ActiveCfg = Debug|Any CPU
		{B15A55E5-D37F-4CA5-AAF3-024D4E9105FE}.Debug|Any CPU.Build.0 = Debug|Any CPU
		{B15A55E5-D37F-4CA5-AAF3-024D4E9105FE}.Release|Any CPU.ActiveCfg = Release|Any CPU
		{B15A55E5-D37F-4CA5-AAF3-024D4E9105FE}.Release|Any CPU.Build.0 = Release|Any CPU
	EndGlobalSection
	GlobalSection(SolutionProperties) = preSolution
		HideSolutionNode = FALSE
	EndGlobalSection
	GlobalSection(ExtensibilityGlobals) = postSolution
		SolutionGuid = {53C2D7E2-B9E5-48EF-86D6-14857866B176}
	EndGlobalSection
EndGlobal
